# .rein/rein.lock — machine-written by `rein init|sync|install|uninstall|upgrade`.
# Records the document format, the tool version/source, and a hash per installed file so
# upgrades never overwrite local edits. Do not edit by hand.
format: rein-grounded-v1
tool_version: 0.3.4
source: git+https://github.com/komoroko/loose-rein-kit.git
prompts:
  version: 0.3.4
  files:
    AGENTS.rein.md: sha256:12cfc8196715e30f528242d31a61909abae5c278fc078a2cc60e58aa0d64f7dc
    oci/implementer/Containerfile: sha256:f30a750e50230c23abf5190dadb72de1f16948f94c33c11a713faea4ba8060fd
    oci/python/Containerfile: sha256:eb0791d07241909b50f951e9357cc7c6a31d7f58f38555973710539a64a3d05b
    oci/reviewer/Containerfile: sha256:84de911666abc463a3299086c35e665ff75201a88258c4fd20834dac2891e566
    prompts/agents/adversarial-reviewer.md: sha256:8b0e688e806832019a24128f00098757090826ff3147dc533b3ce2eea4fdebe3
    prompts/agents/architect.md: sha256:01f47a9e7b0342ca76fae5a3aa4539b9fd82bca60e7435458e8cf34a66a17d12
    prompts/agents/implementer.md: sha256:93bc38fe32fba10f398d96575ee1a90596689a1aff5791ff7ffcf6ac5539aedd
    prompts/agents/requirements-analyst.md: sha256:f856541626e80f3439a3681c70a9ab09f557b0e3dc5c4ddd229f214b5f8efab3
    prompts/commands/build.md: sha256:5571ca682eb78b6250183054012d8ca78a1509b408d0591953c99a8918626305
    prompts/commands/design.md: sha256:3990596267138462fb9864c3718f0b767171235287c71712add6cc38b9e1c470
    prompts/commands/onboard.md: sha256:47fd4093b4eda0b469312622f19b0152d2bde1374670976966fd7aa22495ce23
    prompts/commands/req.md: sha256:49f472fa26f5c91161a8edcd93eedf6f1e1fe95825a7e5e0b00be3e1eb54295b
    prompts/commands/revise.md: sha256:7585403488b36fb67395a21a634a889c4f58f2eb69ef53012f7a9b3fac904ff5
    prompts/commands/status.md: sha256:8766d7b065516ed45adc793ac3d226d71987a8a86a4cc7abd9f5efccfdc63186
    prompts/commands/tasks.md: sha256:ef26fa578b566ffc00d40f5cdebeccc394cd2144a357052cdf3561d16b2e9c8e
    prompts/commands/verify.md: sha256:d5b942372f8fb6b30b7d30352756c46c3971491408b348a4f924d13343a07db8
    prompts/rules/gate-workflow.md: sha256:1ed5fa25ab442ebcf53eb06e7317d06051dcdca68f385767bf58b518506a3d9b
    schema/config.schema.json: sha256:5e68c20a3e68045030de6675d3f5eec08f0d9f3620a1707ca11d82c118957810
    schema/event.schema.json: sha256:42f054f7f19d371daf3fedc4dad1342406d8d227bd1ecbc2bec3a27783271bc7
    schema/plan.schema.json: sha256:d757ab47606c25899a5755fbd954b36019fa7f47622397e681d7f0e92bba153d
    schema/review.schema.json: sha256:eb029956857af9a86529530ad30915035c7d6fb04f410e70a91003fd735c19b4
    schema/state.schema.json: sha256:7886f698b8593727831a860f1f3b523101725d745a5d79142fa4ff8c079871ea
integrations:
  claude:
    version: 0.3.4
    installed_at: '2026-08-04'
    files:
      .claude/agents/adversarial-reviewer.md: sha256:d420f000ac6892cba6f1d753f5a3894018c0e334ad1df77cf2b0904b237ad430
      .claude/agents/architect.md: sha256:1e2741a798214f280a12c08acd3d8459611a0fbc1da60223ed5a6021a0d364c1
      .claude/agents/implementer.md: sha256:149053480e7daee81f1de0ea6ea8eece70f77bfb8b2a8d6706c9b714b8ee425a
      .claude/agents/requirements-analyst.md: sha256:485e3ab2a53565ab57aeb79d0377cca2bf5841006c68ae153267c62445dcaca3
      .claude/commands/build.md: sha256:a6ab1c54fea7ea878c45f9981ad91aa6d230c5a04e4a694db6079176742f6cf7
      .claude/commands/design.md: sha256:6791ceb2702b407d07cd965b4a71f48099f0152418c708d33ba498d498a8960f
      .claude/commands/onboard.md: sha256:a0729659686db58949fcaabf4ba363731d094f5ae804892535120b43a47576c7
      .claude/commands/req.md: sha256:07a60e8ce4a80459c4dada309924a10e984ea9cb9dd00dc2d0726beb3c34bd15
      .claude/commands/revise.md: sha256:3aa6c07e8bc44187696a77dc0190bd351578e3747ce735698081ecc4c1de3ed5
      .claude/commands/status.md: sha256:c0ffd6b956e0466a0197f6bb65fc1efaddbdd0a51af8c6d58b826c5cd33bb3de
      .claude/commands/tasks.md: sha256:340c69cc9902deb1dcff2977f57eeb0230acee7dff4f82318d58cc623a97e744
      .claude/commands/verify.md: sha256:6dffcfe1fcc16a7ea639d2f177558cc3c0961e1a0bf4eef1634905aabc3a448d
    settings:
      created: false
      permissions_allow: []
      hooks: {}
  codex:
    version: 0.3.4
    installed_at: '2026-08-04'
    files:
      .agents/skills/build/SKILL.md: sha256:fe72706426bcbb74f939842df53b792ca5c1bba52d3bf1909cb74b0e0ed0f09c
      .agents/skills/design/SKILL.md: sha256:a2cf5158ad10c9405c5d48f964efd89683f3bdba48bbd85583d9ab842423834e
      .agents/skills/onboard/SKILL.md: sha256:5db6e1e3941273e6bcf3f1e3bbd67b58182a5232e5b26275dfce833df4371aa6
      .agents/skills/req/SKILL.md: sha256:fae6c760594e9f041cef373f6b3493101ee1a44eacb5cf5f888b468c96d41876
      .agents/skills/revise/SKILL.md: sha256:f441d48f534a1ffebe63377dd00087f20d7652a02679e4c967d3f21a8ec324d8
      .agents/skills/status/SKILL.md: sha256:71c33d96e7ca17ddc47a8e41a13cbbb0a08c18ad9420d22d4f20bcea9da505e6
      .agents/skills/tasks/SKILL.md: sha256:fd50ee9da77c515843528ef09d87cedb01509d091eeda11f15c018973310a0aa
      .agents/skills/verify/SKILL.md: sha256:877ba961f15fb0deaad01df8a62d28191adbc6de1b3caddaffee913083e3d4b7
      .codex/agents/adversarial-reviewer.toml: sha256:eedceeefa9ec3cee62459d24471a5730c5b507733888ceda3c78ccae99842431
      .codex/agents/architect.toml: sha256:c32102f7103bc4a9fcdfc50fac3cc1985b1682963adad7017ccd721339556bd1
      .codex/agents/implementer.toml: sha256:1c93b60464227ec637eed7290f3bb6d2a6f8c5d39bb904f131557a2ebf780b6b
      .codex/agents/requirements-analyst.toml: sha256:9249d1d6d8632d2fec155ec3577b802e723ea3b2235c8ae87389d08cde865038
      .codex/hooks.json: sha256:e78f4e7bf63b3c5fca54b9c341ac9898f2ba18497bc158bd3ea7aaea8f663c40
      .codex/rein.md: sha256:4e1af8e8639166daf0ba8d477c488c88f26c3bee646f16d30bc57c7ed8e3bfb0
  copilot:
    version: 0.3.4
    installed_at: '2026-08-04'
    files:
      .github/agents/adversarial-reviewer.agent.md: sha256:6a9126f67cd68da0494217e0b47a2c2344031ec0573e04d45d70feb250c7c68d
      .github/agents/architect.agent.md: sha256:76cd9b5960d25d7a275aaedfe6fa4f0effd07fe8179f671663dc4c43d3ea003d
      .github/agents/implementer.agent.md: sha256:b1953ab17a6c7ef6b671c8fa148746ca3864ab40499503eba21ec1f8b3e05921
      .github/agents/requirements-analyst.agent.md: sha256:b73ca2bbc692eabb91767be46efcdb5bead1cb876d6602f90fb58d2980faeed5
      .github/hooks/rein.json: sha256:2eacdbf36f1c05dfcf5266383b57dbf46f31306cfb5d93d93bc6926b0b3f7949
      .github/instructions/rein.instructions.md: sha256:edf155f912b95a34c1a4846faf660b7055c13bec8f578b9de5d0501415532c0a
      .github/prompts/build.prompt.md: sha256:11e784509cfc9694d9256f3299e36663452a4b89aab03377027b0f04d14636e5
      .github/prompts/design.prompt.md: sha256:0e899f78a22a8671e7e5bb991727d461418887fbb24b4cfecfdd8ff667b65544
      .github/prompts/onboard.prompt.md: sha256:6c590a600ebd0e5b4a17121e5b4eef4931a3d110ad88abffdcc4bb0b0594be6e
      .github/prompts/req.prompt.md: sha256:3159467287083c947e6bce166e19dded4075f47b8440617ed79c82330d67d0d5
      .github/prompts/revise.prompt.md: sha256:e4823567b188530c5e18e6070b6189027adc30eb2de05fd27892748edf4c47b9
      .github/prompts/status.prompt.md: sha256:2d6c78b176a66af1c6a5e93ce98c0d6482aec6e71576772806e603a8fcaf3496
      .github/prompts/tasks.prompt.md: sha256:73713a15f2a2f683dc6212d466a90e16fb0a14518f1f8b5d0d37eac0a4f2520e
      .github/prompts/verify.prompt.md: sha256:452f320ee581d03264adcb3b2facbf58080440a03262747327e2db84c8b5ef48
seeded: {}
created_at: '2026-07-24'
updated_at: '2026-08-23'
rein:
  version: 0.1.0
